
Microsoft Visual Studio Solution File, Format Version 12.00
# Visual Studio 2013
VisualStudioVersion = 12.0.21005.1
MinimumVisualStudioVersion = 10.0.40219.1
Project("{8BC9CEB8-8B4A-11D0-8D11-00A0C91BC942}") = "dmlc", "dmlc\dmlc.vcxproj", "{6E6DDA36-69BA-4555-BA88-10166B11F2D2}"
EndProject
Project("{8BC9CEB8-8B4A-11D0-8D11-00A0C91BC942}") = "test", "test\test.vcxproj", "{1028539A-D3A9-4DAB-BC07-CFFD432D58C1}"
	ProjectSection(ProjectDependencies) = postProject
		{6E6DDA36-69BA-4555-BA88-10166B11F2D2} = {6E6DDA36-69BA-4555-BA88-10166B11F2D2}
	EndProjectSection
EndProject
Global
	GlobalSection(SolutionConfigurationPlatforms) = preSolution
		Debug|Mixed Platforms = Debug|Mixed Platforms
		Debug|Win32 = Debug|Win32
		Debug|x64 = Debug|x64
		Release|Mixed Platforms = Release|Mixed Platforms
		Release|Win32 = Release|Win32
		Release|x64 = Release|x64
	EndGlobalSection
	GlobalSection(ProjectConfigurationPlatforms) = postSolution
		{6E6DDA36-69BA-4555-BA88-10166B11F2D2}.Debug|Mixed Platforms.ActiveCfg = Debug|Win32
		{6E6DDA36-69BA-4555-BA88-10166B11F2D2}.Debug|Mixed Platforms.Build.0 = Debug|Win32
		{6E6DDA36-69BA-4555-BA88-10166B11F2D2}.Debug|Win32.ActiveCfg = Debug|Win32
		{6E6DDA36-69BA-4555-BA88-10166B11F2D2}.Debug|Win32.Build.0 = Debug|Win32
		{6E6DDA36-69BA-4555-BA88-10166B11F2D2}.Debug|x64.ActiveCfg = Debug|x64
		{6E6DDA36-69BA-4555-BA88-10166B11F2D2}.Debug|x64.Build.0 = Debug|x64
		{6E6DDA36-69BA-4555-BA88-10166B11F2D2}.Release|Mixed Platforms.ActiveCfg = Release|Win32
		{6E6DDA36-69BA-4555-BA88-10166B11F2D2}.Release|Mixed Platforms.Build.0 = Release|Win32
		{6E6DDA36-69BA-4555-BA88-10166B11F2D2}.Release|Win32.ActiveCfg = Release|Win32
		{6E6DDA36-69BA-4555-BA88-10166B11F2D2}.Release|Win32.Build.0 = Release|Win32
		{6E6DDA36-69BA-4555-BA88-10166B11F2D2}.Release|x64.ActiveCfg = Release|x64
		{6E6DDA36-69BA-4555-BA88-10166B11F2D2}.Release|x64.Build.0 = Release|x64
		{1028539A-D3A9-4DAB-BC07-CFFD432D58C1}.Debug|Mixed Platforms.ActiveCfg = Debug|Win32
		{1028539A-D3A9-4DAB-BC07-CFFD432D58C1}.Debug|Mixed Platforms.Build.0 = Debug|Win32
		{1028539A-D3A9-4DAB-BC07-CFFD432D58C1}.Debug|Win32.ActiveCfg = Debug|Win32
		{1028539A-D3A9-4DAB-BC07-CFFD432D58C1}.Debug|Win32.Build.0 = Debug|Win32
		{1028539A-D3A9-4DAB-BC07-CFFD432D58C1}.Debug|x64.ActiveCfg = Debug|x64
		{1028539A-D3A9-4DAB-BC07-CFFD432D58C1}.Debug|x64.Build.0 = Debug|x64
		{1028539A-D3A9-4DAB-BC07-CFFD432D58C1}.Release|Mixed Platforms.ActiveCfg = Release|Win32
		{1028539A-D3A9-4DAB-BC07-CFFD432D58C1}.Release|Mixed Platforms.Build.0 = Release|Win32
		{1028539A-D3A9-4DAB-BC07-CFFD432D58C1}.Release|Win32.ActiveCfg = Release|Win32
		{1028539A-D3A9-4DAB-BC07-CFFD432D58C1}.Release|Win32.Build.0 = Release|Win32
		{1028539A-D3A9-4DAB-BC07-CFFD432D58C1}.Release|x64.ActiveCfg = Release|x64
		{1028539A-D3A9-4DAB-BC07-CFFD432D58C1}.Release|x64.Build.0 = Release|x64
	EndGlobalSection
	GlobalSection(SolutionProperties) = preSolution
		HideSolutionNode = FALSE
	EndGlobalSection
	GlobalSection(Performance) = preSolution
		HasPerformanceSessions = true
	EndGlobalSection
EndGlobal
